// !$*UTF8*$!
{
	archiveVersion = 1;
	classes = {
	};
	objectVersion = 50;
	objects = {

/* Begin PBXBuildFile section */
		14B8532623A08BBC0087D687 /* AppDelegate.swift in Sources */ = {isa = PBXBuildFile; fileRef = 14B8532523A08BBC0087D687 /* AppDelegate.swift */; };
		14B8532823A08BBC0087D687 /* ViewController.swift in Sources */ = {isa = PBXBuildFile; fileRef = 14B8532723A08BBC0087D687 /* ViewController.swift */; };
		14B8532A23A08BBE0087D687 /* Assets.xcassets in Resources */ = {isa = PBXBuildFile; fileRef = 14B8532923A08BBE0087D687 /* Assets.xcassets */; };
		14B8532D23A08BBE0087D687 /* Main.storyboard in Resources */ = {isa = PBXBuildFile; fileRef = 14B8532B23A08BBE0087D687 /* Main.storyboard */; };
		14B8533623A08E070087D687 /* CanvasRender.swift in Sources */ = {isa = PBXBuildFile; fileRef = 14B8533523A08E070087D687 /* CanvasRender.swift */; };
		14B8533823A08F410087D687 /* Shaders.metal in Sources */ = {isa = PBXBuildFile; fileRef = 14B8533723A08F410087D687 /* Shaders.metal */; };
/* End PBXBuildFile section */

/* Begin PBXFileReference section */
		14B8532223A08BBC0087D687 /* MTLCanvas.app */ = {isa = PBXFileReference; explicitFileType = wrapper.application; includeInIndex = 0; path = MTLCanvas.app; sourceTree = BUILT_PRODUCTS_DIR; };
		14B8532523A08BBC0087D687 /* AppDelegate.swift */ = {isa = PBXFileReference; lastKnownFileType = sourcecode.swift; path = AppDelegate.swift; sourceTree = "<group>"; };
		14B8532723A08BBC0087D687 /* ViewController.swift */ = {isa = PBXFileReference; lastKnownFileType = sourcecode.swift; path = ViewController.swift; sourceTree = "<group>"; };
		14B8532923A08BBE0087D687 /* Assets.xcassets */ = {isa = PBXFileReference; lastKnownFileType = folder.assetcatalog; path = Assets.xcassets; sourceTree = "<group>"; };
		14B8532C23A08BBE0087D687 /* Base */ = {isa = PBXFileReference; lastKnownFileType = file.storyboard; name = Base; path = Base.lproj/Main.storyboard; sourceTree = "<group>"; };
		14B8532E23A08BBE0087D687 /* Info.plist */ = {isa = PBXFileReference; lastKnownFileType = text.plist.xml; path = Info.plist; sourceTree = "<group>"; };
		14B8532F23A08BBE0087D687 /* MTLCanvas.entitlements */ = {isa = PBXFileReference; lastKnownFileType = text.plist.entitlements; path = MTLCanvas.entitlements; sourceTree = "<group>"; };
		14B8533523A08E070087D687 /* CanvasRender.swift */ = {isa = PBXFileReference; lastKnownFileType = sourcecode.swift; path = CanvasRender.swift; sourceTree = "<group>"; };
		14B8533723A08F410087D687 /* Shaders.metal */ = {isa = PBXFileReference; lastKnownFileType = sourcecode.metal; path = Shaders.metal; sourceTree = "<group>"; };
		14B8533923A08F540087D687 /* ShaderTypes.h */ = {isa = PBXFileReference; lastKnownFileType = sourcecode.c.h; path = ShaderTypes.h; sourceTree = "<group>"; };
/* End PBXFileReference section */

/* Begin PBXFrameworksBuildPhase section */
		14B8531F23A08BBC0087D687 /* Frameworks */ = {
			isa = PBXFrameworksBuildPhase;
			buildActionMask = 2147483647;
			files = (
			);
			runOnlyForDeploymentPostprocessing = 0;
		};
/* End PBXFrameworksBuildPhase section */

/* Begin PBXGroup section */
		14B8531923A08BBC0087D687 = {
			isa = PBXGroup;
			children = (
				14B8532423A08BBC0087D687 /* MTLCanvas */,
				14B8532323A08BBC0087D687 /* Products */,
			);
			sourceTree = "<group>";
		};
		14B8532323A08BBC0087D687 /* Products */ = {
			isa = PBXGroup;
			children = (
				14B8532223A08BBC0087D687 /* MTLCanvas.app */,
			);
			name = Products;
			sourceTree = "<group>";
		};
		14B8532423A08BBC0087D687 /* MTLCanvas */ = {
			isa = PBXGroup;
			children = (
				14B8532523A08BBC0087D687 /* AppDelegate.swift */,
				14B8532723A08BBC0087D687 /* ViewController.swift */,
				14B8533523A08E070087D687 /* CanvasRender.swift */,
				14B8533723A08F410087D687 /* Shaders.metal */,
				14B8533923A08F540087D687 /* ShaderTypes.h */,
				14B8532923A08BBE0087D687 /* Assets.xcassets */,
				14B8532B23A08BBE0087D687 /* Main.storyboard */,
				14B8532E23A08BBE0087D687 /* Info.plist */,
				14B8532F23A08BBE0087D687 /* MTLCanvas.entitlements */,
			);
			path = MTLCanvas;
			sourceTree = "<group>";
		};
/* End PBXGroup section */

/* Begin PBXNativeTarget section */
		14B8532123A08BBC0087D687 /* MTLCanvas */ = {
			isa = PBXNativeTarget;
			buildConfigurationList = 14B8533223A08BBE0087D687 /* Build configuration list for PBXNativeTarget "MTLCanvas" */;
			buildPhases = (
				14B8531E23A08BBC0087D687 /* Sources */,
				14B8531F23A08BBC0087D687 /* Frameworks */,
				14B8532023A08BBC0087D687 /* Resources */,
			);
			buildRules = (
			);
			dependencies = (
			);
			name = MTLCanvas;
			productName = MTLCanvas;
			productReference = 14B8532223A08BBC0087D687 /* MTLCanvas.app */;
			productType = "com.apple.product-type.application";
		};
/* End PBXNativeTarget section */

/* Begin PBXProject section */
		14B8531A23A08BBC0087D687 /* Project object */ = {
			isa = PBXProject;
			attributes = {
				LastSwiftUpdateCheck = 1010;
				LastUpgradeCheck = 1130;
				ORGANIZATIONNAME = Yoko;
				TargetAttributes = {
					14B8532123A08BBC0087D687 = {
						CreatedOnToolsVersion = 10.1;
						LastSwiftMigration = 1130;
					};
				};
			};
			buildConfigurationList = 14B8531D23A08BBC0087D687 /* Build configuration list for PBXProject "MTLCanvas" */;
			compatibilityVersion = "Xcode 9.3";
			developmentRegion = en;
			hasScannedForEncodings = 0;
			knownRegions = (
				en,
				Base,
			);
			mainGroup = 14B8531923A08BBC0087D687;
			productRefGroup = 14B8532323A08BBC0087D687 /* Products */;
			projectDirPath = "";
			projectRoot = "";
			targets = (
				14B8532123A08BBC0087D687 /* MTLCanvas */,
			);
		};
/* End PBXProject section */

/* Begin PBXResourcesBuildPhase section */
		14B8532023A08BBC0087D687 /* Resources */ = {
			isa = PBXResourcesBuildPhase;
			buildActionMask = 2147483647;
			files = (
				14B8532A23A08BBE0087D687 /* Assets.xcassets in Resources */,
				14B8532D23A08BBE0087D687 /* Main.storyboard in Resources */,
			);
			runOnlyForDeploymentPostprocessing = 0;
		};
/* End PBXResourcesBuildPhase section */

/* Begin PBXSourcesBuildPhase section */
		14B8531E23A08BBC0087D687 /* Sources */ = {
			isa = PBXSourcesBuildPhase;
			buildActionMask = 2147483647;
			files = (
				14B8533823A08F410087D687 /* Shaders.metal in Sources */,
				14B8532823A08BBC0087D687 /* ViewController.swift in Sources */,
				14B8533623A08E070087D687 /* CanvasRender.swift in Sources */,
				14B8532623A08BBC0087D687 /* AppDelegate.swift in Sources */,
			);
			runOnlyForDeploymentPostprocessing = 0;
		};
/* End PBXSourcesBuildPhase section */

/* Begin PBXVariantGroup section */
		14B8532B23A08BBE0087D687 /* Main.storyboard */ = {
			isa = PBXVariantGroup;
			children = (
				14B8532C23A08BBE0087D687 /* Base */,
			);
			name = Main.storyboard;
			sourceTree = "<group>";
		};
/* End PBXVariantGroup section */

/* Begin XCBuildConfiguration section */
		14B8533023A08BBE0087D687 /* Debug */ = {
			isa = XCBuildConfiguration;
			buildSettings = {
				ALWAYS_SEARCH_USER_PATHS = NO;
				CLANG_ANALYZER_NONNULL = YES;
				CLANG_ANALYZER_NUMBER_OBJECT_CONVERSION = YES_AGGRESSIVE;
				CLANG_CXX_LANGUAGE_STANDARD = "gnu++14";
				CLANG_CXX_LIBRARY = "libc++";
				CLANG_ENABLE_MODULES = YES;
				CLANG_ENABLE_OBJC_ARC = YES;
				CLANG_ENABLE_OBJC_WEAK = YES;
				CLANG_WARN_BLOCK_CAPTURE_AUTORELEASING = YES;
				CLANG_WARN_BOOL_CONVERSION = YES;
				CLANG_WARN_COMMA = YES;
				CLANG_WARN_CONSTANT_CONVERSION = YES;
				CLANG_WARN_DEPRECATED_OBJC_IMPLEMENTATIONS = YES;
				CLANG_WARN_DIRECT_OBJC_ISA_USAGE = YES_ERROR;
				CLANG_WARN_DOCUMENTATION_COMMENTS = YES;
				CLANG_WARN_EMPTY_BODY = YES;
				CLANG_WARN_ENUM_CONVERSION = YES;
				CLANG_WARN_INFINITE_RECURSION = YES;
				CLANG_WARN_INT_CONVERSION = YES;
				CLANG_WARN_NON_LITERAL_NULL_CONVERSION = YES;
				CLANG_WARN_OBJC_IMPLICIT_RETAIN_SELF = YES;
				CLANG_WARN_OBJC_LITERAL_CONVERSION = YES;
				CLANG_WARN_OBJC_ROOT_CLASS = YES_ERROR;
				CLANG_WARN_RANGE_LOOP_ANALYSIS = YES;
				CLANG_WARN_STRICT_PROTOTYPES = YES;
				CLANG_WARN_SUSPICIOUS_MOVE = YES;
				CLANG_WARN_UNGUARDED_AVAILABILITY = YES_AGGRESSIVE;
				CLANG_WARN_UNREACHABLE_CODE = YES;
				CLANG_WARN__DUPLICATE_METHOD_MATCH = YES;
				CODE_SIGN_IDENTITY = "-";
				COPY_PHASE_STRIP = NO;
				DEBUG_INFORMATION_FORMAT = dwarf;
				ENABLE_STRICT_OBJC_MSGSEND = YES;
				ENABLE_TESTABILITY = YES;
				GCC_C_LANGUAGE_STANDARD = gnu11;
				GCC_DYNAMIC_NO_PIC = NO;
				GCC_NO_COMMON_BLOCKS = YES;
				GCC_OPTIMIZATION_LEVEL = 0;
				GCC_PREPROCESSOR_DEFINITIONS = (
					"DEBUG=1",
					"$(inherited)",
				);
				GCC_WARN_64_TO_32_BIT_CONVERSION = YES;
				GCC_WARN_ABOUT_RETURN_TYPE = YES_ERROR;
				GCC_WARN_UNDECLARED_SELECTOR = YES;
				GCC_WARN_UNINITIALIZED_AUTOS = YES_AGGRESSIVE;
				GCC_WARN_UNUSED_FUNCTION = YES;
				GCC_WARN_UNUSED_VARIABLE = YES;
				MACOSX_DEPLOYMENT_TARGET = 10.14;
				MTL_ENABLE_DEBUG_INFO = INCLUDE_SOURCE;
				MTL_FAST_MATH = YES;
				ONLY_ACTIVE_ARCH = YES;
				SDKROOT = macosx;
				SWIFT_ACTIVE_COMPILATION_CONDITIONS = DEBUG;
				SWIFT_OPTIMIZATION_LEVEL = "-Onone";
			};
			name = Debug;
		};
		14B8533123A08BBE0087D687 /* Release */ = {
			isa = XCBuildConfiguration;
			buildSettings = {
				ALWAYS_SEARCH_USER_PATHS = NO;
				CLANG_ANALYZER_NONNULL = YES;
				CLANG_ANALYZER_NUMBER_OBJECT_CONVERSION = YES_AGGRESSIVE;
				CLANG_CXX_LANGUAGE_STANDARD = "gnu++14";
				CLANG_CXX_LIBRARY = "libc++";
				CLANG_ENABLE_MODULES = YES;
				CLANG_ENABLE_OBJC_ARC = YES;
				CLANG_ENABLE_OBJC_WEAK = YES;
				CLANG_WARN_BLOCK_CAPTURE_AUTORELEASING = YES;
				CLANG_WARN_BOOL_CONVERSION = YES;
				CLANG_WARN_COMMA = YES;
				CLANG_WARN_CONSTANT_CONVERSION = YES;
				CLANG_WARN_DEPRECATED_OBJC_IMPLEMENTATIONS = YES;
				CLANG_WARN_DIRECT_OBJC_ISA_USAGE = YES_ERROR;
				CLANG_WARN_DOCUMENTATION_COMMENTS = YES;
				CLANG_WARN_EMPTY_BODY = YES;
				CLANG_WARN_ENUM_CONVERSION = YES;
				CLANG_WARN_INFINITE_RECURSION = YES;
				CLANG_WARN_INT_CONVERSION = YES;
				CLANG_WARN_NON_LITERAL_NULL_CONVERSION = YES;
				CLANG_WARN_OBJC_IMPLICIT_RETAIN_SELF = YES;
				CLANG_WARN_OBJC_LITERAL_CONVERSION = YES;
				CLANG_WARN_OBJC_ROOT_CLASS = YES_ERROR;
				CLANG_WARN_RANGE_LOOP_ANALYSIS = YES;
				CLANG_WARN_STRICT_PROTOTYPES = YES;
				CLANG_WARN_SUSPICIOUS_MOVE = YES;
				CLANG_WARN_UNGUARDED_AVAILABILITY = YES_AGGRESSIVE;
				CLANG_WARN_UNREACHABLE_CODE = YES;
				CLANG_WARN__DUPLICATE_METHOD_MATCH = YES;
				CODE_SIGN_IDENTITY = "-";
				COPY_PHASE_STRIP = NO;
				DEBUG_INFORMATION_FORMAT = "dwarf-with-dsym";
				ENABLE_NS_ASSERTIONS = NO;
				ENABLE_STRICT_OBJC_MSGSEND = YES;
				GCC_C_LANGUAGE_STANDARD = gnu11;
				GCC_NO_COMMON_BLOCKS = YES;
				GCC_WARN_64_TO_32_BIT_CONVERSION = YES;
				GCC_WARN_ABOUT_RETURN_TYPE = YES_ERROR;
				GCC_WARN_UNDECLARED_SELECTOR = YES;
				GCC_WARN_UNINITIALIZED_AUTOS = YES_AGGRESSIVE;
				GCC_WARN_UNUSED_FUNCTION = YES;
				GCC_WARN_UNUSED_VARIABLE = YES;
				MACOSX_DEPLOYMENT_TARGET = 10.14;
				MTL_ENABLE_DEBUG_INFO = NO;
				MTL_FAST_MATH = YES;
				SDKROOT = macosx;
				SWIFT_COMPILATION_MODE = wholemodule;
				SWIFT_OPTIMIZATION_LEVEL = "-O";
			};
			name = Release;
		};
		14B8533323A08BBE0087D687 /* Debug */ = {
			isa = XCBuildConfiguration;
			buildSettings = {
				ASSETCATALOG_COMPILER_APPICON_NAME = AppIcon;
				CODE_SIGN_ENTITLEMENTS = MTLCanvas/MTLCanvas.entitlements;
				CODE_SIGN_IDENTITY = "-";
				CODE_SIGN_STYLE = Automatic;
				COMBINE_HIDPI_IMAGES = YES;
				INFOPLIST_FILE = MTLCanvas/Info.plist;
				LD_RUNPATH_SEARCH_PATHS = (
					"$(inherited)",
					"@executable_path/../Frameworks",
				);
				PRODUCT_BUNDLE_IDENTIFIER = com.Yoko.MTLCanvas;
				PRODUCT_NAME = "$(TARGET_NAME)";
				SWIFT_OBJC_BRIDGING_HEADER = MTLCanvas/ShaderTypes.h;
				SWIFT_VERSION = 5.0;
			};
			name = Debug;
		};
		14B8533423A08BBE0087D687 /* Release */ = {
			isa = XCBuildConfiguration;
			buildSettings = {
				ASSETCATALOG_COMPILER_APPICON_NAME = AppIcon;
				CODE_SIGN_ENTITLEMENTS = MTLCanvas/MTLCanvas.entitlements;
				CODE_SIGN_IDENTITY = "-";
				CODE_SIGN_STYLE = Automatic;
				COMBINE_HIDPI_IMAGES = YES;
				INFOPLIST_FILE = MTLCanvas/Info.plist;
				LD_RUNPATH_SEARCH_PATHS = (
					"$(inherited)",
					"@executable_path/../Frameworks",
				);
				PRODUCT_BUNDLE_IDENTIFIER = com.Yoko.MTLCanvas;
				PRODUCT_NAME = "$(TARGET_NAME)";
				SWIFT_OBJC_BRIDGING_HEADER = MTLCanvas/ShaderTypes.h;
				SWIFT_VERSION = 5.0;
			};
			name = Release;
		};
/* End XCBuildConfiguration section */

/* Begin XCConfigurationList section */
		14B8531D23A08BBC0087D687 /* Build configuration list for PBXProject "MTLCanvas" */ = {
			isa = XCConfigurationList;
			buildConfigurations = (
				14B8533023A08BBE0087D687 /* Debug */,
				14B8533123A08BBE0087D687 /* Release */,
			);
			defaultConfigurationIsVisible = 0;
			defaultConfigurationName = Release;
		};
		14B8533223A08BBE0087D687 /* Build configuration list for PBXNativeTarget "MTLCanvas" */ = {
			isa = XCConfigurationList;
			buildConfigurations = (
				14B8533323A08BBE0087D687 /* Debug */,
				14B8533423A08BBE0087D687 /* Release */,
			);
			defaultConfigurationIsVisible = 0;
			defaultConfigurationName = Release;
		};
/* End XCConfigurationList section */
	};
	rootObject = 14B8531A23A08BBC0087D687 /* Project object */;
}
